
Microsoft Visual Studio Solution File, Format Version 12.00
# Visual Studio 14
VisualStudioVersion = 14.0.23107.0
MinimumVisualStudioVersion = 10.0.40219.1
Project("{FAE04EC0-301F-11D3-BF4B-00C04F79EFBC}") = "Yeoman.VisualStudio", "Yeoman.VisualStudio\Yeoman.VisualStudio.csproj", "{76304DB7-A1FA-4E99-AD7F-28D841F492BC}"
EndProject
Project("{FAE04EC0-301F-11D3-BF4B-00C04F79EFBC}") = "Yeoman.VisualStudio.UnitTests", "Yeoman.VisualStudio.UnitTests\Yeoman.VisualStudio.UnitTests.csproj", "{8B79E071-EBCB-4BCF-AA29-6CAA1A3F3409}"
EndProject
Project("{2150E333-8FDC-42A3-9474-1A3956D46DE8}") = "Solution Items", "Solution Items", "{6D995702-D0B7-445A-9713-EDAEECECE9E4}"
	ProjectSection(SolutionItems) = preProject
		readme.md = readme.md
	EndProjectSection
EndProject
Global
	GlobalSection(SolutionConfigurationPlatforms) = preSolution
		Debug|Any CPU = Debug|Any CPU
		Release|Any CPU = Release|Any CPU
	EndGlobalSection
	GlobalSection(ProjectConfigurationPlatforms) = postSolution
		{76304DB7-A1FA-4E99-AD7F-28D841F492BC}.Debug|Any CPU.ActiveCfg = Debug|Any CPU
		{76304DB7-A1FA-4E99-AD7F-28D841F492BC}.Debug|Any CPU.Build.0 = Debug|Any CPU
		{76304DB7-A1FA-4E99-AD7F-28D841F492BC}.Release|Any CPU.ActiveCfg = Release|Any CPU
		{76304DB7-A1FA-4E99-AD7F-28D841F492BC}.Release|Any CPU.Build.0 = Release|Any CPU
		{8B79E071-EBCB-4BCF-AA29-6CAA1A3F3409}.Debug|Any CPU.ActiveCfg = Debug|Any CPU
		{8B79E071-EBCB-4BCF-AA29-6CAA1A3F3409}.Debug|Any CPU.Build.0 = Debug|Any CPU
		{8B79E071-EBCB-4BCF-AA29-6CAA1A3F3409}.Release|Any CPU.ActiveCfg = Release|Any CPU
		{8B79E071-EBCB-4BCF-AA29-6CAA1A3F3409}.Release|Any CPU.Build.0 = Release|Any CPU
	EndGlobalSection
	GlobalSection(SolutionProperties) = preSolution
		HideSolutionNode = FALSE
	EndGlobalSection
EndGlobal
